// !$*UTF8*$!
{
	archiveVersion = 1;
	classes = {
	};
	objectVersion = 50;
	objects = {

/* Begin PBXBuildFile section */
		520B863123AF48A0002F8DA6 /* Word.swift in Sources */ = {isa = PBXBuildFile; fileRef = 520B863023AF48A0002F8DA6 /* Word.swift */; };
		521566532385DA4B000270F1 /* AppDelegate.swift in Sources */ = {isa = PBXBuildFile; fileRef = 521566522385DA4B000270F1 /* AppDelegate.swift */; };
		521566552385DA4B000270F1 /* SceneDelegate.swift in Sources */ = {isa = PBXBuildFile; fileRef = 521566542385DA4B000270F1 /* SceneDelegate.swift */; };
		5215665A2385DA4B000270F1 /* Main.storyboard in Resources */ = {isa = PBXBuildFile; fileRef = 521566582385DA4B000270F1 /* Main.storyboard */; };
		5215665C2385DA4C000270F1 /* Assets.xcassets in Resources */ = {isa = PBXBuildFile; fileRef = 5215665B2385DA4C000270F1 /* Assets.xcassets */; };
		5215665F2385DA4C000270F1 /* LaunchScreen.storyboard in Resources */ = {isa = PBXBuildFile; fileRef = 5215665D2385DA4C000270F1 /* LaunchScreen.storyboard */; };
		5215666A2385DA4C000270F1 /* Charge_MapTests.swift in Sources */ = {isa = PBXBuildFile; fileRef = 521566692385DA4C000270F1 /* Charge_MapTests.swift */; };
		521566752385DD34000270F1 /* MapViewController.swift in Sources */ = {isa = PBXBuildFile; fileRef = 521566742385DD34000270F1 /* MapViewController.swift */; };
		521566792385DF73000270F1 /* CustomAnnotation.swift in Sources */ = {isa = PBXBuildFile; fileRef = 521566782385DF73000270F1 /* CustomAnnotation.swift */; };
		5215667B2385DFAD000270F1 /* CustomAnnotationView.swift in Sources */ = {isa = PBXBuildFile; fileRef = 5215667A2385DFAD000270F1 /* CustomAnnotationView.swift */; };
		5215667E2385E06E000270F1 /* ApiHelper.swift in Sources */ = {isa = PBXBuildFile; fileRef = 5215667D2385E06E000270F1 /* ApiHelper.swift */; };
		521566822385E099000270F1 /* ApiResult.swift in Sources */ = {isa = PBXBuildFile; fileRef = 521566812385E099000270F1 /* ApiResult.swift */; };
		52156686238630E3000270F1 /* DetailViewController.swift in Sources */ = {isa = PBXBuildFile; fileRef = 52156685238630E3000270F1 /* DetailViewController.swift */; };
		521566882389673A000270F1 /* CustomLabel.swift in Sources */ = {isa = PBXBuildFile; fileRef = 521566872389673A000270F1 /* CustomLabel.swift */; };
		52160DCD238EB53200BA950B /* CustomCollectionViewCell.swift in Sources */ = {isa = PBXBuildFile; fileRef = 52160DCC238EB53200BA950B /* CustomCollectionViewCell.swift */; };
		5224C87E23AEBDBA001D1B34 /* CustomTableViewCell.swift in Sources */ = {isa = PBXBuildFile; fileRef = 5224C87D23AEBDBA001D1B34 /* CustomTableViewCell.swift */; };
		5224C88023AECBD5001D1B34 /* TableViewController.swift in Sources */ = {isa = PBXBuildFile; fileRef = 5224C87F23AECBD5001D1B34 /* TableViewController.swift */; };
		52424824239FA4980017D848 /* Datas.swift in Sources */ = {isa = PBXBuildFile; fileRef = 52424823239FA4980017D848 /* Datas.swift */; };
		5264B0F2238C232300394A98 /* ArrayExtension.swift in Sources */ = {isa = PBXBuildFile; fileRef = 5264B0F1238C232300394A98 /* ArrayExtension.swift */; };
		52656AB923B43B940013C028 /* SettingViewController.swift in Sources */ = {isa = PBXBuildFile; fileRef = 52656AB823B43B940013C028 /* SettingViewController.swift */; };
		528A97D32397E9C90003468A /* CustomGradientView.swift in Sources */ = {isa = PBXBuildFile; fileRef = 528A97D22397E9C90003468A /* CustomGradientView.swift */; };
		52912E8423B57507003E5026 /* SettingsDelegate.swift in Sources */ = {isa = PBXBuildFile; fileRef = 52912E8323B57507003E5026 /* SettingsDelegate.swift */; };
		52912E8B23B79E68003E5026 /* Charge_Map.xcdatamodeld in Sources */ = {isa = PBXBuildFile; fileRef = 52912E8923B79E68003E5026 /* Charge_Map.xcdatamodeld */; };
		52912E8D23B7A68F003E5026 /* Station.swift in Sources */ = {isa = PBXBuildFile; fileRef = 52912E8C23B7A68F003E5026 /* Station.swift */; };
		529F0A2323BEB6E5009F35F2 /* CustomTableViewCellDelegate.swift in Sources */ = {isa = PBXBuildFile; fileRef = 529F0A2223BEB6E5009F35F2 /* CustomTableViewCellDelegate.swift */; };
		52C3322C23BEB3200051312B /* FavoriteTableViewController.swift in Sources */ = {isa = PBXBuildFile; fileRef = 52C3322B23BEB3200051312B /* FavoriteTableViewController.swift */; };
		52C400DC23B074FB003BE3BF /* ProtocolUrlEncorder.swift in Sources */ = {isa = PBXBuildFile; fileRef = 52C400DB23B074FB003BE3BF /* ProtocolUrlEncorder.swift */; };
		52DB5A5723BE923200347EB6 /* FavoriteManager.swift in Sources */ = {isa = PBXBuildFile; fileRef = 52DB5A5623BE923200347EB6 /* FavoriteManager.swift */; };
		52DCDDCE23C1560E0054CF50 /* AnnotationDelegate.swift in Sources */ = {isa = PBXBuildFile; fileRef = 52DCDDCD23C1560E0054CF50 /* AnnotationDelegate.swift */; };
		52F052E923B983B7006B770F /* RedirectionDelegate.swift in Sources */ = {isa = PBXBuildFile; fileRef = 52F052E823B983B7006B770F /* RedirectionDelegate.swift */; };
		52F052EC23B98568006B770F /* AlertActionDelegate.swift in Sources */ = {isa = PBXBuildFile; fileRef = 52F052EB23B98568006B770F /* AlertActionDelegate.swift */; };
		52F052EE23B9920D006B770F /* CoreDataManager.swift in Sources */ = {isa = PBXBuildFile; fileRef = 52F052ED23B9920D006B770F /* CoreDataManager.swift */; };
		52F2480D23B0194200B1DE0A /* AnnotationManager.swift in Sources */ = {isa = PBXBuildFile; fileRef = 52F2480C23B0194200B1DE0A /* AnnotationManager.swift */; };
/* End PBXBuildFile section */

/* Begin PBXContainerItemProxy section */
		521566662385DA4C000270F1 /* PBXContainerItemProxy */ = {
			isa = PBXContainerItemProxy;
			containerPortal = 521566472385DA4B000270F1 /* Project object */;
			proxyType = 1;
			remoteGlobalIDString = 5215664E2385DA4B000270F1;
			remoteInfo = Charge_Map;
		};
/* End PBXContainerItemProxy section */

/* Begin PBXFileReference section */
		520B863023AF48A0002F8DA6 /* Word.swift */ = {isa = PBXFileReference; lastKnownFileType = sourcecode.swift; path = Word.swift; sourceTree = "<group>"; };
		5215664F2385DA4B000270F1 /* Charge_Map.app */ = {isa = PBXFileReference; explicitFileType = wrapper.application; includeInIndex = 0; path = Charge_Map.app; sourceTree = BUILT_PRODUCTS_DIR; };
		521566522385DA4B000270F1 /* AppDelegate.swift */ = {isa = PBXFileReference; lastKnownFileType = sourcecode.swift; path = AppDelegate.swift; sourceTree = "<group>"; };
		521566542385DA4B000270F1 /* SceneDelegate.swift */ = {isa = PBXFileReference; lastKnownFileType = sourcecode.swift; path = SceneDelegate.swift; sourceTree = "<group>"; };
		521566592385DA4B000270F1 /* Base */ = {isa = PBXFileReference; lastKnownFileType = file.storyboard; name = Base; path = Base.lproj/Main.storyboard; sourceTree = "<group>"; };
		5215665B2385DA4C000270F1 /* Assets.xcassets */ = {isa = PBXFileReference; lastKnownFileType = folder.assetcatalog; path = Assets.xcassets; sourceTree = "<group>"; };
		5215665E2385DA4C000270F1 /* Base */ = {isa = PBXFileReference; lastKnownFileType = file.storyboard; name = Base; path = Base.lproj/LaunchScreen.storyboard; sourceTree = "<group>"; };
		521566602385DA4C000270F1 /* Info.plist */ = {isa = PBXFileReference; lastKnownFileType = text.plist.xml; path = Info.plist; sourceTree = "<group>"; };
		521566652385DA4C000270F1 /* Charge_MapTests.xctest */ = {isa = PBXFileReference; explicitFileType = wrapper.cfbundle; includeInIndex = 0; path = Charge_MapTests.xctest; sourceTree = BUILT_PRODUCTS_DIR; };
		521566692385DA4C000270F1 /* Charge_MapTests.swift */ = {isa = PBXFileReference; lastKnownFileType = sourcecode.swift; path = Charge_MapTests.swift; sourceTree = "<group>"; };
		5215666B2385DA4C000270F1 /* Info.plist */ = {isa = PBXFileReference; lastKnownFileType = text.plist.xml; path = Info.plist; sourceTree = "<group>"; };
		521566742385DD34000270F1 /* MapViewController.swift */ = {isa = PBXFileReference; lastKnownFileType = sourcecode.swift; path = MapViewController.swift; sourceTree = "<group>"; };
		521566782385DF73000270F1 /* CustomAnnotation.swift */ = {isa = PBXFileReference; lastKnownFileType = sourcecode.swift; path = CustomAnnotation.swift; sourceTree = "<group>"; };
		5215667A2385DFAD000270F1 /* CustomAnnotationView.swift */ = {isa = PBXFileReference; lastKnownFileType = sourcecode.swift; path = CustomAnnotationView.swift; sourceTree = "<group>"; };
		5215667D2385E06E000270F1 /* ApiHelper.swift */ = {isa = PBXFileReference; lastKnownFileType = sourcecode.swift; path = ApiHelper.swift; sourceTree = "<group>"; };
		521566812385E099000270F1 /* ApiResult.swift */ = {isa = PBXFileReference; lastKnownFileType = sourcecode.swift; path = ApiResult.swift; sourceTree = "<group>"; };
		52156685238630E3000270F1 /* DetailViewController.swift */ = {isa = PBXFileReference; lastKnownFileType = sourcecode.swift; path = DetailViewController.swift; sourceTree = "<group>"; };
		521566872389673A000270F1 /* CustomLabel.swift */ = {isa = PBXFileReference; lastKnownFileType = sourcecode.swift; path = CustomLabel.swift; sourceTree = "<group>"; };
		52160DCC238EB53200BA950B /* CustomCollectionViewCell.swift */ = {isa = PBXFileReference; lastKnownFileType = sourcecode.swift; path = CustomCollectionViewCell.swift; sourceTree = "<group>"; };
		5224C87D23AEBDBA001D1B34 /* CustomTableViewCell.swift */ = {isa = PBXFileReference; lastKnownFileType = sourcecode.swift; path = CustomTableViewCell.swift; sourceTree = "<group>"; };
		5224C87F23AECBD5001D1B34 /* TableViewController.swift */ = {isa = PBXFileReference; lastKnownFileType = sourcecode.swift; path = TableViewController.swift; sourceTree = "<group>"; };
		52424823239FA4980017D848 /* Datas.swift */ = {isa = PBXFileReference; lastKnownFileType = sourcecode.swift; path = Datas.swift; sourceTree = "<group>"; };
		5264B0F1238C232300394A98 /* ArrayExtension.swift */ = {isa = PBXFileReference; lastKnownFileType = sourcecode.swift; path = ArrayExtension.swift; sourceTree = "<group>"; };
		52656AB823B43B940013C028 /* SettingViewController.swift */ = {isa = PBXFileReference; lastKnownFileType = sourcecode.swift; path = SettingViewController.swift; sourceTree = "<group>"; };
		528A97D22397E9C90003468A /* CustomGradientView.swift */ = {isa = PBXFileReference; lastKnownFileType = sourcecode.swift; path = CustomGradientView.swift; sourceTree = "<group>"; };
		52912E8323B57507003E5026 /* SettingsDelegate.swift */ = {isa = PBXFileReference; lastKnownFileType = sourcecode.swift; path = SettingsDelegate.swift; sourceTree = "<group>"; };
		52912E8A23B79E68003E5026 /* Charge_Map.xcdatamodel */ = {isa = PBXFileReference; lastKnownFileType = wrapper.xcdatamodel; path = Charge_Map.xcdatamodel; sourceTree = "<group>"; };
		52912E8C23B7A68F003E5026 /* Station.swift */ = {isa = PBXFileReference; lastKnownFileType = sourcecode.swift; path = Station.swift; sourceTree = "<group>"; };
		529F0A2223BEB6E5009F35F2 /* CustomTableViewCellDelegate.swift */ = {isa = PBXFileReference; lastKnownFileType = sourcecode.swift; path = CustomTableViewCellDelegate.swift; sourceTree = "<group>"; };
		52C3322B23BEB3200051312B /* FavoriteTableViewController.swift */ = {isa = PBXFileReference; lastKnownFileType = sourcecode.swift; path = FavoriteTableViewController.swift; sourceTree = "<group>"; };
		52C400DB23B074FB003BE3BF /* ProtocolUrlEncorder.swift */ = {isa = PBXFileReference; lastKnownFileType = sourcecode.swift; path = ProtocolUrlEncorder.swift; sourceTree = "<group>"; };
		52C400DF23B08F30003BE3BF /* Location.gpx */ = {isa = PBXFileReference; lastKnownFileType = text.xml; path = Location.gpx; sourceTree = "<group>"; };
		52DB5A5623BE923200347EB6 /* FavoriteManager.swift */ = {isa = PBXFileReference; lastKnownFileType = sourcecode.swift; path = FavoriteManager.swift; sourceTree = "<group>"; };
		52DCDDCD23C1560E0054CF50 /* AnnotationDelegate.swift */ = {isa = PBXFileReference; lastKnownFileType = sourcecode.swift; path = AnnotationDelegate.swift; sourceTree = "<group>"; };
		52F052E823B983B7006B770F /* RedirectionDelegate.swift */ = {isa = PBXFileReference; lastKnownFileType = sourcecode.swift; path = RedirectionDelegate.swift; sourceTree = "<group>"; };
		52F052EB23B98568006B770F /* AlertActionDelegate.swift */ = {isa = PBXFileReference; lastKnownFileType = sourcecode.swift; path = AlertActionDelegate.swift; sourceTree = "<group>"; };
		52F052ED23B9920D006B770F /* CoreDataManager.swift */ = {isa = PBXFileReference; lastKnownFileType = sourcecode.swift; path = CoreDataManager.swift; sourceTree = "<group>"; };
		52F2480C23B0194200B1DE0A /* AnnotationManager.swift */ = {isa = PBXFileReference; lastKnownFileType = sourcecode.swift; path = AnnotationManager.swift; sourceTree = "<group>"; };
/* End PBXFileReference section */

/* Begin PBXFrameworksBuildPhase section */
		5215664C2385DA4B000270F1 /* Frameworks */ = {
			isa = PBXFrameworksBuildPhase;
			buildActionMask = 2147483647;
			files = (
			);
			runOnlyForDeploymentPostprocessing = 0;
		};
		521566622385DA4C000270F1 /* Frameworks */ = {
			isa = PBXFrameworksBuildPhase;
			buildActionMask = 2147483647;
			files = (
			);
			runOnlyForDeploymentPostprocessing = 0;
		};
/* End PBXFrameworksBuildPhase section */

/* Begin PBXGroup section */
		521566462385DA4B000270F1 = {
			isa = PBXGroup;
			children = (
				521566512385DA4B000270F1 /* Charge_Map */,
				521566682385DA4C000270F1 /* Charge_MapTests */,
				521566502385DA4B000270F1 /* Products */,
			);
			sourceTree = "<group>";
		};
		521566502385DA4B000270F1 /* Products */ = {
			isa = PBXGroup;
			children = (
				5215664F2385DA4B000270F1 /* Charge_Map.app */,
				521566652385DA4C000270F1 /* Charge_MapTests.xctest */,
			);
			name = Products;
			sourceTree = "<group>";
		};
		521566512385DA4B000270F1 /* Charge_Map */ = {
			isa = PBXGroup;
			children = (
				521566522385DA4B000270F1 /* AppDelegate.swift */,
				521566542385DA4B000270F1 /* SceneDelegate.swift */,
				52C400DF23B08F30003BE3BF /* Location.gpx */,
				52F052EA23B983C8006B770F /* Protocol */,
				5215667C2385E05A000270F1 /* Model */,
				521566762385DE15000270F1 /* Controller */,
				521566772385DE21000270F1 /* View */,
				5264B0F0238C22BC00394A98 /* Extensions */,
				52912E8923B79E68003E5026 /* Charge_Map.xcdatamodeld */,
				5215665B2385DA4C000270F1 /* Assets.xcassets */,
				5215665D2385DA4C000270F1 /* LaunchScreen.storyboard */,
				521566602385DA4C000270F1 /* Info.plist */,
			);
			path = Charge_Map;
			sourceTree = "<group>";
		};
		521566682385DA4C000270F1 /* Charge_MapTests */ = {
			isa = PBXGroup;
			children = (
				521566692385DA4C000270F1 /* Charge_MapTests.swift */,
				5215666B2385DA4C000270F1 /* Info.plist */,
			);
			path = Charge_MapTests;
			sourceTree = "<group>";
		};
		521566762385DE15000270F1 /* Controller */ = {
			isa = PBXGroup;
			children = (
				521566742385DD34000270F1 /* MapViewController.swift */,
				52156685238630E3000270F1 /* DetailViewController.swift */,
				5224C87F23AECBD5001D1B34 /* TableViewController.swift */,
				52656AB823B43B940013C028 /* SettingViewController.swift */,
				52C3322B23BEB3200051312B /* FavoriteTableViewController.swift */,
			);
			path = Controller;
			sourceTree = "<group>";
		};
		521566772385DE21000270F1 /* View */ = {
			isa = PBXGroup;
			children = (
				521566582385DA4B000270F1 /* Main.storyboard */,
				521566782385DF73000270F1 /* CustomAnnotation.swift */,
				5215667A2385DFAD000270F1 /* CustomAnnotationView.swift */,
				528A97D22397E9C90003468A /* CustomGradientView.swift */,
				521566872389673A000270F1 /* CustomLabel.swift */,
				52160DCC238EB53200BA950B /* CustomCollectionViewCell.swift */,
				5224C87D23AEBDBA001D1B34 /* CustomTableViewCell.swift */,
			);
			path = View;
			sourceTree = "<group>";
		};
		5215667C2385E05A000270F1 /* Model */ = {
			isa = PBXGroup;
			children = (
				528EDCAE23BD9EEE00841FD8 /* Service */,
				528EDCAD23BD9EDC00841FD8 /* DataBase */,
				52F2480C23B0194200B1DE0A /* AnnotationManager.swift */,
				52DB5A5623BE923200347EB6 /* FavoriteManager.swift */,
				52424823239FA4980017D848 /* Datas.swift */,
				520B863023AF48A0002F8DA6 /* Word.swift */,
			);
			path = Model;
			sourceTree = "<group>";
		};
		5264B0F0238C22BC00394A98 /* Extensions */ = {
			isa = PBXGroup;
			children = (
				5264B0F1238C232300394A98 /* ArrayExtension.swift */,
			);
			path = Extensions;
			sourceTree = "<group>";
		};
		528EDCAD23BD9EDC00841FD8 /* DataBase */ = {
			isa = PBXGroup;
			children = (
				52912E8C23B7A68F003E5026 /* Station.swift */,
				52F052ED23B9920D006B770F /* CoreDataManager.swift */,
			);
			path = DataBase;
			sourceTree = "<group>";
		};
		528EDCAE23BD9EEE00841FD8 /* Service */ = {
			isa = PBXGroup;
			children = (
				521566812385E099000270F1 /* ApiResult.swift */,
				5215667D2385E06E000270F1 /* ApiHelper.swift */,
			);
			path = Service;
			sourceTree = "<group>";
		};
		52F052EA23B983C8006B770F /* Protocol */ = {
			isa = PBXGroup;
			children = (
				52C400DB23B074FB003BE3BF /* ProtocolUrlEncorder.swift */,
				52DCDDCD23C1560E0054CF50 /* AnnotationDelegate.swift */,
				52F052EB23B98568006B770F /* AlertActionDelegate.swift */,
				529F0A2223BEB6E5009F35F2 /* CustomTableViewCellDelegate.swift */,
				52912E8323B57507003E5026 /* SettingsDelegate.swift */,
				52F052E823B983B7006B770F /* RedirectionDelegate.swift */,
			);
			path = Protocol;
			sourceTree = "<group>";
		};
/* End PBXGroup section */

/* Begin PBXNativeTarget section */
		5215664E2385DA4B000270F1 /* Charge_Map */ = {
			isa = PBXNativeTarget;
			buildConfigurationList = 5215666E2385DA4C000270F1 /* Build configuration list for PBXNativeTarget "Charge_Map" */;
			buildPhases = (
				5215664B2385DA4B000270F1 /* Sources */,
				5215664C2385DA4B000270F1 /* Frameworks */,
				5215664D2385DA4B000270F1 /* Resources */,
			);
			buildRules = (
			);
			dependencies = (
			);
			name = Charge_Map;
			productName = Charge_Map;
			productReference = 5215664F2385DA4B000270F1 /* Charge_Map.app */;
			productType = "com.apple.product-type.application";
		};
		521566642385DA4C000270F1 /* Charge_MapTests */ = {
			isa = PBXNativeTarget;
			buildConfigurationList = 521566712385DA4C000270F1 /* Build configuration list for PBXNativeTarget "Charge_MapTests" */;
			buildPhases = (
				521566612385DA4C000270F1 /* Sources */,
				521566622385DA4C000270F1 /* Frameworks */,
				521566632385DA4C000270F1 /* Resources */,
			);
			buildRules = (
			);
			dependencies = (
				521566672385DA4C000270F1 /* PBXTargetDependency */,
			);
			name = Charge_MapTests;
			productName = Charge_MapTests;
			productReference = 521566652385DA4C000270F1 /* Charge_MapTests.xctest */;
			productType = "com.apple.product-type.bundle.unit-test";
		};
/* End PBXNativeTarget section */

/* Begin PBXProject section */
		521566472385DA4B000270F1 /* Project object */ = {
			isa = PBXProject;
			attributes = {
				LastSwiftUpdateCheck = 1100;
				LastUpgradeCheck = 1100;
				ORGANIZATIONNAME = "Macbook pro";
				TargetAttributes = {
					5215664E2385DA4B000270F1 = {
						CreatedOnToolsVersion = 11.0;
					};
					521566642385DA4C000270F1 = {
						CreatedOnToolsVersion = 11.0;
						TestTargetID = 5215664E2385DA4B000270F1;
					};
				};
			};
			buildConfigurationList = 5215664A2385DA4B000270F1 /* Build configuration list for PBXProject "Charge_Map" */;
			compatibilityVersion = "Xcode 9.3";
			developmentRegion = en;
			hasScannedForEncodings = 0;
			knownRegions = (
				en,
				Base,
			);
			mainGroup = 521566462385DA4B000270F1;
			productRefGroup = 521566502385DA4B000270F1 /* Products */;
			projectDirPath = "";
			projectRoot = "";
			targets = (
				5215664E2385DA4B000270F1 /* Charge_Map */,
				521566642385DA4C000270F1 /* Charge_MapTests */,
			);
		};
/* End PBXProject section */

/* Begin PBXResourcesBuildPhase section */
		5215664D2385DA4B000270F1 /* Resources */ = {
			isa = PBXResourcesBuildPhase;
			buildActionMask = 2147483647;
			files = (
				5215665F2385DA4C000270F1 /* LaunchScreen.storyboard in Resources */,
				5215665C2385DA4C000270F1 /* Assets.xcassets in Resources */,
				5215665A2385DA4B000270F1 /* Main.storyboard in Resources */,
			);
			runOnlyForDeploymentPostprocessing = 0;
		};
		521566632385DA4C000270F1 /* Resources */ = {
			isa = PBXResourcesBuildPhase;
			buildActionMask = 2147483647;
			files = (
			);
			runOnlyForDeploymentPostprocessing = 0;
		};
/* End PBXResourcesBuildPhase section */

/* Begin PBXSourcesBuildPhase section */
		5215664B2385DA4B000270F1 /* Sources */ = {
			isa = PBXSourcesBuildPhase;
			buildActionMask = 2147483647;
			files = (
				52424824239FA4980017D848 /* Datas.swift in Sources */,
				52C400DC23B074FB003BE3BF /* ProtocolUrlEncorder.swift in Sources */,
				52C3322C23BEB3200051312B /* FavoriteTableViewController.swift in Sources */,
				520B863123AF48A0002F8DA6 /* Word.swift in Sources */,
				52F2480D23B0194200B1DE0A /* AnnotationManager.swift in Sources */,
				52F052E923B983B7006B770F /* RedirectionDelegate.swift in Sources */,
				52F052EC23B98568006B770F /* AlertActionDelegate.swift in Sources */,
				521566532385DA4B000270F1 /* AppDelegate.swift in Sources */,
				521566882389673A000270F1 /* CustomLabel.swift in Sources */,
				5215667B2385DFAD000270F1 /* CustomAnnotationView.swift in Sources */,
				528A97D32397E9C90003468A /* CustomGradientView.swift in Sources */,
				52912E8D23B7A68F003E5026 /* Station.swift in Sources */,
				5224C87E23AEBDBA001D1B34 /* CustomTableViewCell.swift in Sources */,
				5215667E2385E06E000270F1 /* ApiHelper.swift in Sources */,
				521566822385E099000270F1 /* ApiResult.swift in Sources */,
				5264B0F2238C232300394A98 /* ArrayExtension.swift in Sources */,
				52160DCD238EB53200BA950B /* CustomCollectionViewCell.swift in Sources */,
				52912E8423B57507003E5026 /* SettingsDelegate.swift in Sources */,
				521566752385DD34000270F1 /* MapViewController.swift in Sources */,
				529F0A2323BEB6E5009F35F2 /* CustomTableViewCellDelegate.swift in Sources */,
				52F052EE23B9920D006B770F /* CoreDataManager.swift in Sources */,
				521566552385DA4B000270F1 /* SceneDelegate.swift in Sources */,
				52DCDDCE23C1560E0054CF50 /* AnnotationDelegate.swift in Sources */,
				521566792385DF73000270F1 /* CustomAnnotation.swift in Sources */,
				52656AB923B43B940013C028 /* SettingViewController.swift in Sources */,
				5224C88023AECBD5001D1B34 /* TableViewController.swift in Sources */,
				52DB5A5723BE923200347EB6 /* FavoriteManager.swift in Sources */,
				52912E8B23B79E68003E5026 /* Charge_Map.xcdatamodeld in Sources */,
				52156686238630E3000270F1 /* DetailViewController.swift in Sources */,
			);
			runOnlyForDeploymentPostprocessing = 0;
		};
		521566612385DA4C000270F1 /* Sources */ = {
			isa = PBXSourcesBuildPhase;
			buildActionMask = 2147483647;
			files = (
				5215666A2385DA4C000270F1 /* Charge_MapTests.swift in Sources */,
			);
			runOnlyForDeploymentPostprocessing = 0;
		};
/* End PBXSourcesBuildPhase section */

/* Begin PBXTargetDependency section */
		521566672385DA4C000270F1 /* PBXTargetDependency */ = {
			isa = PBXTargetDependency;
			target = 5215664E2385DA4B000270F1 /* Charge_Map */;
			targetProxy = 521566662385DA4C000270F1 /* PBXContainerItemProxy */;
		};
/* End PBXTargetDependency section */

/* Begin PBXVariantGroup section */
		521566582385DA4B000270F1 /* Main.storyboard */ = {
			isa = PBXVariantGroup;
			children = (
				521566592385DA4B000270F1 /* Base */,
			);
			name = Main.storyboard;
			sourceTree = "<group>";
		};
		5215665D2385DA4C000270F1 /* LaunchScreen.storyboard */ = {
			isa = PBXVariantGroup;
			children = (
				5215665E2385DA4C000270F1 /* Base */,
			);
			name = LaunchScreen.storyboard;
			sourceTree = "<group>";
		};
/* End PBXVariantGroup section */

/* Begin XCBuildConfiguration section */
		5215666C2385DA4C000270F1 /* Debug */ = {
			isa = XCBuildConfiguration;
			buildSettings = {
				ALWAYS_SEARCH_USER_PATHS = NO;
				CLANG_ANALYZER_NONNULL = YES;
				CLANG_ANALYZER_NUMBER_OBJECT_CONVERSION = YES_AGGRESSIVE;
				CLANG_CXX_LANGUAGE_STANDARD = "gnu++14";
				CLANG_CXX_LIBRARY = "libc++";
				CLANG_ENABLE_MODULES = YES;
				CLANG_ENABLE_OBJC_ARC = YES;
				CLANG_ENABLE_OBJC_WEAK = YES;
				CLANG_WARN_BLOCK_CAPTURE_AUTORELEASING = YES;
				CLANG_WARN_BOOL_CONVERSION = YES;
				CLANG_WARN_COMMA = YES;
				CLANG_WARN_CONSTANT_CONVERSION = YES;
				CLANG_WARN_DEPRECATED_OBJC_IMPLEMENTATIONS = YES;
				CLANG_WARN_DIRECT_OBJC_ISA_USAGE = YES_ERROR;
				CLANG_WARN_DOCUMENTATION_COMMENTS = YES;
				CLANG_WARN_EMPTY_BODY = YES;
				CLANG_WARN_ENUM_CONVERSION = YES;
				CLANG_WARN_INFINITE_RECURSION = YES;
				CLANG_WARN_INT_CONVERSION = YES;
				CLANG_WARN_NON_LITERAL_NULL_CONVERSION = YES;
				CLANG_WARN_OBJC_IMPLICIT_RETAIN_SELF = YES;
				CLANG_WARN_OBJC_LITERAL_CONVERSION = YES;
				CLANG_WARN_OBJC_ROOT_CLASS = YES_ERROR;
				CLANG_WARN_RANGE_LOOP_ANALYSIS = YES;
				CLANG_WARN_STRICT_PROTOTYPES = YES;
				CLANG_WARN_SUSPICIOUS_MOVE = YES;
				CLANG_WARN_UNGUARDED_AVAILABILITY = YES_AGGRESSIVE;
				CLANG_WARN_UNREACHABLE_CODE = YES;
				CLANG_WARN__DUPLICATE_METHOD_MATCH = YES;
				COPY_PHASE_STRIP = NO;
				DEBUG_INFORMATION_FORMAT = dwarf;
				ENABLE_STRICT_OBJC_MSGSEND = YES;
				ENABLE_TESTABILITY = YES;
				GCC_C_LANGUAGE_STANDARD = gnu11;
				GCC_DYNAMIC_NO_PIC = NO;
				GCC_NO_COMMON_BLOCKS = YES;
				GCC_OPTIMIZATION_LEVEL = 0;
				GCC_PREPROCESSOR_DEFINITIONS = (
					"DEBUG=1",
					"$(inherited)",
				);
				GCC_WARN_64_TO_32_BIT_CONVERSION = YES;
				GCC_WARN_ABOUT_RETURN_TYPE = YES_ERROR;
				GCC_WARN_UNDECLARED_SELECTOR = YES;
				GCC_WARN_UNINITIALIZED_AUTOS = YES_AGGRESSIVE;
				GCC_WARN_UNUSED_FUNCTION = YES;
				GCC_WARN_UNUSED_VARIABLE = YES;
				IPHONEOS_DEPLOYMENT_TARGET = 13.0;
				MTL_ENABLE_DEBUG_INFO = INCLUDE_SOURCE;
				MTL_FAST_MATH = YES;
				ONLY_ACTIVE_ARCH = YES;
				SDKROOT = iphoneos;
				SWIFT_ACTIVE_COMPILATION_CONDITIONS = DEBUG;
				SWIFT_OPTIMIZATION_LEVEL = "-Onone";
			};
			name = Debug;
		};
		5215666D2385DA4C000270F1 /* Release */ = {
			isa = XCBuildConfiguration;
			buildSettings = {
				ALWAYS_SEARCH_USER_PATHS = NO;
				CLANG_ANALYZER_NONNULL = YES;
				CLANG_ANALYZER_NUMBER_OBJECT_CONVERSION = YES_AGGRESSIVE;
				CLANG_CXX_LANGUAGE_STANDARD = "gnu++14";
				CLANG_CXX_LIBRARY = "libc++";
				CLANG_ENABLE_MODULES = YES;
				CLANG_ENABLE_OBJC_ARC = YES;
				CLANG_ENABLE_OBJC_WEAK = YES;
				CLANG_WARN_BLOCK_CAPTURE_AUTORELEASING = YES;
				CLANG_WARN_BOOL_CONVERSION = YES;
				CLANG_WARN_COMMA = YES;
				CLANG_WARN_CONSTANT_CONVERSION = YES;
				CLANG_WARN_DEPRECATED_OBJC_IMPLEMENTATIONS = YES;
				CLANG_WARN_DIRECT_OBJC_ISA_USAGE = YES_ERROR;
				CLANG_WARN_DOCUMENTATION_COMMENTS = YES;
				CLANG_WARN_EMPTY_BODY = YES;
				CLANG_WARN_ENUM_CONVERSION = YES;
				CLANG_WARN_INFINITE_RECURSION = YES;
				CLANG_WARN_INT_CONVERSION = YES;
				CLANG_WARN_NON_LITERAL_NULL_CONVERSION = YES;
				CLANG_WARN_OBJC_IMPLICIT_RETAIN_SELF = YES;
				CLANG_WARN_OBJC_LITERAL_CONVERSION = YES;
				CLANG_WARN_OBJC_ROOT_CLASS = YES_ERROR;
				CLANG_WARN_RANGE_LOOP_ANALYSIS = YES;
				CLANG_WARN_STRICT_PROTOTYPES = YES;
				CLANG_WARN_SUSPICIOUS_MOVE = YES;
				CLANG_WARN_UNGUARDED_AVAILABILITY = YES_AGGRESSIVE;
				CLANG_WARN_UNREACHABLE_CODE = YES;
				CLANG_WARN__DUPLICATE_METHOD_MATCH = YES;
				COPY_PHASE_STRIP = NO;
				DEBUG_INFORMATION_FORMAT = "dwarf-with-dsym";
				ENABLE_NS_ASSERTIONS = NO;
				ENABLE_STRICT_OBJC_MSGSEND = YES;
				GCC_C_LANGUAGE_STANDARD = gnu11;
				GCC_NO_COMMON_BLOCKS = YES;
				GCC_WARN_64_TO_32_BIT_CONVERSION = YES;
				GCC_WARN_ABOUT_RETURN_TYPE = YES_ERROR;
				GCC_WARN_UNDECLARED_SELECTOR = YES;
				GCC_WARN_UNINITIALIZED_AUTOS = YES_AGGRESSIVE;
				GCC_WARN_UNUSED_FUNCTION = YES;
				GCC_WARN_UNUSED_VARIABLE = YES;
				IPHONEOS_DEPLOYMENT_TARGET = 13.0;
				MTL_ENABLE_DEBUG_INFO = NO;
				MTL_FAST_MATH = YES;
				SDKROOT = iphoneos;
				SWIFT_COMPILATION_MODE = wholemodule;
				SWIFT_OPTIMIZATION_LEVEL = "-O";
				VALIDATE_PRODUCT = YES;
			};
			name = Release;
		};
		5215666F2385DA4C000270F1 /* Debug */ = {
			isa = XCBuildConfiguration;
			buildSettings = {
				ASSETCATALOG_COMPILER_APPICON_NAME = AppIcon;
				CODE_SIGN_STYLE = Automatic;
				DEVELOPMENT_TEAM = KP6QM9KAVD;
				INFOPLIST_FILE = Charge_Map/Info.plist;
				IPHONEOS_DEPLOYMENT_TARGET = 12.0;
				LD_RUNPATH_SEARCH_PATHS = (
					"$(inherited)",
					"@executable_path/Frameworks",
				);
				PRODUCT_BUNDLE_IDENTIFIER = "com.test.Charge-Map";
				PRODUCT_NAME = "$(TARGET_NAME)";
				SWIFT_VERSION = 5.0;
				TARGETED_DEVICE_FAMILY = 1;
			};
			name = Debug;
		};
		521566702385DA4C000270F1 /* Release */ = {
			isa = XCBuildConfiguration;
			buildSettings = {
				ASSETCATALOG_COMPILER_APPICON_NAME = AppIcon;
				CODE_SIGN_STYLE = Automatic;
				DEVELOPMENT_TEAM = KP6QM9KAVD;
				INFOPLIST_FILE = Charge_Map/Info.plist;
				IPHONEOS_DEPLOYMENT_TARGET = 12.0;
				LD_RUNPATH_SEARCH_PATHS = (
					"$(inherited)",
					"@executable_path/Frameworks",
				);
				PRODUCT_BUNDLE_IDENTIFIER = "com.test.Charge-Map";
				PRODUCT_NAME = "$(TARGET_NAME)";
				SWIFT_VERSION = 5.0;
				TARGETED_DEVICE_FAMILY = 1;
			};
			name = Release;
		};
		521566722385DA4C000270F1 /* Debug */ = {
			isa = XCBuildConfiguration;
			buildSettings = {
				ALWAYS_EMBED_SWIFT_STANDARD_LIBRARIES = YES;
				BUNDLE_LOADER = "$(TEST_HOST)";
				CODE_SIGN_STYLE = Automatic;
				DEVELOPMENT_TEAM = KP6QM9KAVD;
				INFOPLIST_FILE = Charge_MapTests/Info.plist;
				IPHONEOS_DEPLOYMENT_TARGET = 13.0;
				LD_RUNPATH_SEARCH_PATHS = (
					"$(inherited)",
					"@executable_path/Frameworks",
					"@loader_path/Frameworks",
				);
				PRODUCT_BUNDLE_IDENTIFIER = "com.test.Charge-MapTests";
				PRODUCT_NAME = "$(TARGET_NAME)";
				SWIFT_VERSION = 5.0;
				TARGETED_DEVICE_FAMILY = "1,2";
				TEST_HOST = "$(BUILT_PRODUCTS_DIR)/Charge_Map.app/Charge_Map";
			};
			name = Debug;
		};
		521566732385DA4C000270F1 /* Release */ = {
			isa = XCBuildConfiguration;
			buildSettings = {
				ALWAYS_EMBED_SWIFT_STANDARD_LIBRARIES = YES;
				BUNDLE_LOADER = "$(TEST_HOST)";
				CODE_SIGN_STYLE = Automatic;
				DEVELOPMENT_TEAM = KP6QM9KAVD;
				INFOPLIST_FILE = Charge_MapTests/Info.plist;
				IPHONEOS_DEPLOYMENT_TARGET = 13.0;
				LD_RUNPATH_SEARCH_PATHS = (
					"$(inherited)",
					"@executable_path/Frameworks",
					"@loader_path/Frameworks",
				);
				PRODUCT_BUNDLE_IDENTIFIER = "com.test.Charge-MapTests";
				PRODUCT_NAME = "$(TARGET_NAME)";
				SWIFT_VERSION = 5.0;
				TARGETED_DEVICE_FAMILY = "1,2";
				TEST_HOST = "$(BUILT_PRODUCTS_DIR)/Charge_Map.app/Charge_Map";
			};
			name = Release;
		};
/* End XCBuildConfiguration section */

/* Begin XCConfigurationList section */
		5215664A2385DA4B000270F1 /* Build configuration list for PBXProject "Charge_Map" */ = {
			isa = XCConfigurationList;
			buildConfigurations = (
				5215666C2385DA4C000270F1 /* Debug */,
				5215666D2385DA4C000270F1 /* Release */,
			);
			defaultConfigurationIsVisible = 0;
			defaultConfigurationName = Release;
		};
		5215666E2385DA4C000270F1 /* Build configuration list for PBXNativeTarget "Charge_Map" */ = {
			isa = XCConfigurationList;
			buildConfigurations = (
				5215666F2385DA4C000270F1 /* Debug */,
				521566702385DA4C000270F1 /* Release */,
			);
			defaultConfigurationIsVisible = 0;
			defaultConfigurationName = Release;
		};
		521566712385DA4C000270F1 /* Build configuration list for PBXNativeTarget "Charge_MapTests" */ = {
			isa = XCConfigurationList;
			buildConfigurations = (
				521566722385DA4C000270F1 /* Debug */,
				521566732385DA4C000270F1 /* Release */,
			);
			defaultConfigurationIsVisible = 0;
			defaultConfigurationName = Release;
		};
/* End XCConfigurationList section */

/* Begin XCVersionGroup section */
		52912E8923B79E68003E5026 /* Charge_Map.xcdatamodeld */ = {
			isa = XCVersionGroup;
			children = (
				52912E8A23B79E68003E5026 /* Charge_Map.xcdatamodel */,
			);
			currentVersion = 52912E8A23B79E68003E5026 /* Charge_Map.xcdatamodel */;
			path = Charge_Map.xcdatamodeld;
			sourceTree = "<group>";
			versionGroupType = wrapper.xcdatamodel;
		};
/* End XCVersionGroup section */
	};
	rootObject = 521566472385DA4B000270F1 /* Project object */;
}
